// !$*UTF8*$!
{
	archiveVersion = 1;
	classes = {
	};
	objectVersion = 56;
	objects = {

/* Begin PBXBuildFile section */
		1FD7B0142CD4121E00C6333B /* AppDelegate.swift in Sources */ = {isa = PBXBuildFile; fileRef = 1FD7B0132CD4121E00C6333B /* AppDelegate.swift */; };
		1FD7B01D2CD4122000C6333B /* Assets.xcassets in Resources */ = {isa = PBXBuildFile; fileRef = 1FD7B01C2CD4122000C6333B /* Assets.xcassets */; };
		1FD7B02E2CD412AA00C6333B /* WeatherViewController.swift in Sources */ = {isa = PBXBuildFile; fileRef = 1FD7B0272CD412AA00C6333B /* WeatherViewController.swift */; };
		1FD7B02F2CD412AA00C6333B /* WeatherModel.swift in Sources */ = {isa = PBXBuildFile; fileRef = 1FD7B0292CD412AA00C6333B /* WeatherModel.swift */; };
		1FD7B0302CD412AA00C6333B /* WeatherService.swift in Sources */ = {isa = PBXBuildFile; fileRef = 1FD7B02B2CD412AA00C6333B /* WeatherService.swift */; };
		1FD7B0322CD4149D00C6333B /* SceneDelegate.swift in Sources */ = {isa = PBXBuildFile; fileRef = 1FD7B0312CD4149D00C6333B /* SceneDelegate.swift */; };
		1FD7B0392CD4231100C6333B /* TextStyles.swift in Sources */ = {isa = PBXBuildFile; fileRef = 1FD7B0382CD4231100C6333B /* TextStyles.swift */; };
		1FD7B03B2CD433D200C6333B /* APIConstants.swift in Sources */ = {isa = PBXBuildFile; fileRef = 1FD7B03A2CD433D200C6333B /* APIConstants.swift */; };
		1FD7B03D2CD4342200C6333B /* KeychainService.swift in Sources */ = {isa = PBXBuildFile; fileRef = 1FD7B03C2CD4342200C6333B /* KeychainService.swift */; };
		1FD7B0402CD4373B00C6333B /* NetworkError.swift in Sources */ = {isa = PBXBuildFile; fileRef = 1FD7B03F2CD4373B00C6333B /* NetworkError.swift */; };
		1FD7B0422CD4376700C6333B /* RetryConfiguration.swift in Sources */ = {isa = PBXBuildFile; fileRef = 1FD7B0412CD4376700C6333B /* RetryConfiguration.swift */; };
		1FD7B0442CD43A7B00C6333B /* LoadingView.swift in Sources */ = {isa = PBXBuildFile; fileRef = 1FD7B0432CD43A7B00C6333B /* LoadingView.swift */; };
		1FD7B0462CD4404D00C6333B /* GradientLayer.swift in Sources */ = {isa = PBXBuildFile; fileRef = 1FD7B0452CD4404D00C6333B /* GradientLayer.swift */; };
		1FD7B0482CD4475100C6333B /* MainView.swift in Sources */ = {isa = PBXBuildFile; fileRef = 1FD7B0472CD4475100C6333B /* MainView.swift */; };
		1FD7B04B2CD453FF00C6333B /* LocationServiceProtocol.swift in Sources */ = {isa = PBXBuildFile; fileRef = 1FD7B04A2CD453FF00C6333B /* LocationServiceProtocol.swift */; };
		1FD7B04D2CD4543700C6333B /* LocationServiceDelegate.swift in Sources */ = {isa = PBXBuildFile; fileRef = 1FD7B04C2CD4543700C6333B /* LocationServiceDelegate.swift */; };
		1FD7B04F2CD4546B00C6333B /* WeatherServiceProtocol.swift in Sources */ = {isa = PBXBuildFile; fileRef = 1FD7B04E2CD4546B00C6333B /* WeatherServiceProtocol.swift */; };
		1FD7B0512CD454B200C6333B /* LocationService.swift in Sources */ = {isa = PBXBuildFile; fileRef = 1FD7B0502CD454B200C6333B /* LocationService.swift */; };
		1FD7B0592CD50E9C00C6333B /* LaunchScreen.storyboard in Resources */ = {isa = PBXBuildFile; fileRef = 1FD7B0572CD50CB400C6333B /* LaunchScreen.storyboard */; };
		1FD7B05D2CD510EF00C6333B /* Launch.png in Resources */ = {isa = PBXBuildFile; fileRef = 1FD7B05C2CD510EF00C6333B /* Launch.png */; };
/* End PBXBuildFile section */

/* Begin PBXFileReference section */
		1FD7B0102CD4121E00C6333B /* UmbrellaToGo.app */ = {isa = PBXFileReference; explicitFileType = wrapper.application; includeInIndex = 0; path = UmbrellaToGo.app; sourceTree = BUILT_PRODUCTS_DIR; };
		1FD7B0132CD4121E00C6333B /* AppDelegate.swift */ = {isa = PBXFileReference; lastKnownFileType = sourcecode.swift; path = AppDelegate.swift; sourceTree = "<group>"; };
		1FD7B01C2CD4122000C6333B /* Assets.xcassets */ = {isa = PBXFileReference; lastKnownFileType = folder.assetcatalog; path = Assets.xcassets; sourceTree = "<group>"; };
		1FD7B0212CD4122000C6333B /* Info.plist */ = {isa = PBXFileReference; lastKnownFileType = text.plist.xml; path = Info.plist; sourceTree = "<group>"; };
		1FD7B0272CD412AA00C6333B /* WeatherViewController.swift */ = {isa = PBXFileReference; fileEncoding = 4; lastKnownFileType = sourcecode.swift; path = WeatherViewController.swift; sourceTree = "<group>"; };
		1FD7B0292CD412AA00C6333B /* WeatherModel.swift */ = {isa = PBXFileReference; fileEncoding = 4; lastKnownFileType = sourcecode.swift; path = WeatherModel.swift; sourceTree = "<group>"; };
		1FD7B02B2CD412AA00C6333B /* WeatherService.swift */ = {isa = PBXFileReference; fileEncoding = 4; lastKnownFileType = sourcecode.swift; path = WeatherService.swift; sourceTree = "<group>"; };
		1FD7B0312CD4149D00C6333B /* SceneDelegate.swift */ = {isa = PBXFileReference; fileEncoding = 4; lastKnownFileType = sourcecode.swift; path = SceneDelegate.swift; sourceTree = "<group>"; };
		1FD7B0382CD4231100C6333B /* TextStyles.swift */ = {isa = PBXFileReference; lastKnownFileType = sourcecode.swift; path = TextStyles.swift; sourceTree = "<group>"; };
		1FD7B03A2CD433D200C6333B /* APIConstants.swift */ = {isa = PBXFileReference; lastKnownFileType = sourcecode.swift; path = APIConstants.swift; sourceTree = "<group>"; };
		1FD7B03C2CD4342200C6333B /* KeychainService.swift */ = {isa = PBXFileReference; lastKnownFileType = sourcecode.swift; path = KeychainService.swift; sourceTree = "<group>"; };
		1FD7B03F2CD4373B00C6333B /* NetworkError.swift */ = {isa = PBXFileReference; lastKnownFileType = sourcecode.swift; path = NetworkError.swift; sourceTree = "<group>"; };
		1FD7B0412CD4376700C6333B /* RetryConfiguration.swift */ = {isa = PBXFileReference; lastKnownFileType = sourcecode.swift; path = RetryConfiguration.swift; sourceTree = "<group>"; };
		1FD7B0432CD43A7B00C6333B /* LoadingView.swift */ = {isa = PBXFileReference; lastKnownFileType = sourcecode.swift; path = LoadingView.swift; sourceTree = "<group>"; };
		1FD7B0452CD4404D00C6333B /* GradientLayer.swift */ = {isa = PBXFileReference; lastKnownFileType = sourcecode.swift; path = GradientLayer.swift; sourceTree = "<group>"; };
		1FD7B0472CD4475100C6333B /* MainView.swift */ = {isa = PBXFileReference; lastKnownFileType = sourcecode.swift; path = MainView.swift; sourceTree = "<group>"; };
		1FD7B04A2CD453FF00C6333B /* LocationServiceProtocol.swift */ = {isa = PBXFileReference; lastKnownFileType = sourcecode.swift; path = LocationServiceProtocol.swift; sourceTree = "<group>"; };
		1FD7B04C2CD4543700C6333B /* LocationServiceDelegate.swift */ = {isa = PBXFileReference; lastKnownFileType = sourcecode.swift; path = LocationServiceDelegate.swift; sourceTree = "<group>"; };
		1FD7B04E2CD4546B00C6333B /* WeatherServiceProtocol.swift */ = {isa = PBXFileReference; lastKnownFileType = sourcecode.swift; path = WeatherServiceProtocol.swift; sourceTree = "<group>"; };
		1FD7B0502CD454B200C6333B /* LocationService.swift */ = {isa = PBXFileReference; lastKnownFileType = sourcecode.swift; path = LocationService.swift; sourceTree = "<group>"; };
		1FD7B0542CD46E8700C6333B /* UmbrellaToGo.entitlements */ = {isa = PBXFileReference; fileEncoding = 4; lastKnownFileType = text.plist.entitlements; path = UmbrellaToGo.entitlements; sourceTree = "<group>"; };
		1FD7B0572CD50CB400C6333B /* LaunchScreen.storyboard */ = {isa = PBXFileReference; lastKnownFileType = file.storyboard; path = LaunchScreen.storyboard; sourceTree = "<group>"; };
		1FD7B05C2CD510EF00C6333B /* Launch.png */ = {isa = PBXFileReference; lastKnownFileType = image.png; path = Launch.png; sourceTree = "<group>"; };
/* End PBXFileReference section */

/* Begin PBXFrameworksBuildPhase section */
		1FD7B00D2CD4121E00C6333B /* Frameworks */ = {
			isa = PBXFrameworksBuildPhase;
			buildActionMask = 2147483647;
			files = (
			);
			runOnlyForDeploymentPostprocessing = 0;
		};
/* End PBXFrameworksBuildPhase section */

/* Begin PBXGroup section */
		1FD7B0072CD4121E00C6333B = {
			isa = PBXGroup;
			children = (
				1FD7B0122CD4121E00C6333B /* UmbrellaToGo */,
				1FD7B05C2CD510EF00C6333B /* Launch.png */,
				1FD7B0112CD4121E00C6333B /* Products */,
			);
			sourceTree = "<group>";
		};
		1FD7B0112CD4121E00C6333B /* Products */ = {
			isa = PBXGroup;
			children = (
				1FD7B0102CD4121E00C6333B /* UmbrellaToGo.app */,
			);
			name = Products;
			sourceTree = "<group>";
		};
		1FD7B0122CD4121E00C6333B /* UmbrellaToGo */ = {
			isa = PBXGroup;
			children = (
				1FD7B0542CD46E8700C6333B /* UmbrellaToGo.entitlements */,
				1FD7B0532CD46DF000C6333B /* Settings */,
				1FD7B0282CD412AA00C6333B /* Controller */,
				1FD7B02A2CD412AA00C6333B /* Model */,
				1FD7B02D2CD412AA00C6333B /* View */,
				1FD7B02C2CD412AA00C6333B /* Services */,
				1FD7B0372CD422D300C6333B /* Styles */,
				1FD7B01C2CD4122000C6333B /* Assets.xcassets */,
				1FD7B0212CD4122000C6333B /* Info.plist */,
			);
			path = UmbrellaToGo;
			sourceTree = "<group>";
		};
		1FD7B0282CD412AA00C6333B /* Controller */ = {
			isa = PBXGroup;
			children = (
				1FD7B0272CD412AA00C6333B /* WeatherViewController.swift */,
				1FD7B0572CD50CB400C6333B /* LaunchScreen.storyboard */,
			);
			path = Controller;
			sourceTree = "<group>";
		};
		1FD7B02A2CD412AA00C6333B /* Model */ = {
			isa = PBXGroup;
			children = (
				1FD7B0292CD412AA00C6333B /* WeatherModel.swift */,
			);
			path = Model;
			sourceTree = "<group>";
		};
		1FD7B02C2CD412AA00C6333B /* Services */ = {
			isa = PBXGroup;
			children = (
				1FD7B0492CD453EB00C6333B /* LocationService */,
				1FD7B03E2CD4371D00C6333B /* NetworkService */,
				1FD7B0522CD46D7500C6333B /* StorageService */,
			);
			path = Services;
			sourceTree = "<group>";
		};
		1FD7B02D2CD412AA00C6333B /* View */ = {
			isa = PBXGroup;
			children = (
				1FD7B0432CD43A7B00C6333B /* LoadingView.swift */,
				1FD7B0452CD4404D00C6333B /* GradientLayer.swift */,
				1FD7B0472CD4475100C6333B /* MainView.swift */,
			);
			path = View;
			sourceTree = "<group>";
		};
		1FD7B0372CD422D300C6333B /* Styles */ = {
			isa = PBXGroup;
			children = (
				1FD7B0382CD4231100C6333B /* TextStyles.swift */,
			);
			path = Styles;
			sourceTree = "<group>";
		};
		1FD7B03E2CD4371D00C6333B /* NetworkService */ = {
			isa = PBXGroup;
			children = (
				1FD7B02B2CD412AA00C6333B /* WeatherService.swift */,
				1FD7B03F2CD4373B00C6333B /* NetworkError.swift */,
				1FD7B0412CD4376700C6333B /* RetryConfiguration.swift */,
				1FD7B04E2CD4546B00C6333B /* WeatherServiceProtocol.swift */,
			);
			path = NetworkService;
			sourceTree = "<group>";
		};
		1FD7B0492CD453EB00C6333B /* LocationService */ = {
			isa = PBXGroup;
			children = (
				1FD7B04A2CD453FF00C6333B /* LocationServiceProtocol.swift */,
				1FD7B04C2CD4543700C6333B /* LocationServiceDelegate.swift */,
				1FD7B0502CD454B200C6333B /* LocationService.swift */,
			);
			path = LocationService;
			sourceTree = "<group>";
		};
		1FD7B0522CD46D7500C6333B /* StorageService */ = {
			isa = PBXGroup;
			children = (
				1FD7B03A2CD433D200C6333B /* APIConstants.swift */,
				1FD7B03C2CD4342200C6333B /* KeychainService.swift */,
			);
			path = StorageService;
			sourceTree = "<group>";
		};
		1FD7B0532CD46DF000C6333B /* Settings */ = {
			isa = PBXGroup;
			children = (
				1FD7B0132CD4121E00C6333B /* AppDelegate.swift */,
				1FD7B0312CD4149D00C6333B /* SceneDelegate.swift */,
			);
			path = Settings;
			sourceTree = "<group>";
		};
/* End PBXGroup section */

/* Begin PBXNativeTarget section */
		1FD7B00F2CD4121E00C6333B /* UmbrellaToGo */ = {
			isa = PBXNativeTarget;
			buildConfigurationList = 1FD7B0242CD4122000C6333B /* Build configuration list for PBXNativeTarget "UmbrellaToGo" */;
			buildPhases = (
				1FD7B00C2CD4121E00C6333B /* Sources */,
				1FD7B00D2CD4121E00C6333B /* Frameworks */,
				1FD7B00E2CD4121E00C6333B /* Resources */,
			);
			buildRules = (
			);
			dependencies = (
			);
			name = UmbrellaToGo;
			productName = UmbrellaToGo;
			productReference = 1FD7B0102CD4121E00C6333B /* UmbrellaToGo.app */;
			productType = "com.apple.product-type.application";
		};
/* End PBXNativeTarget section */

/* Begin PBXProject section */
		1FD7B0082CD4121E00C6333B /* Project object */ = {
			isa = PBXProject;
			attributes = {
				BuildIndependentTargetsInParallel = 1;
				LastSwiftUpdateCheck = 1530;
				LastUpgradeCheck = 1530;
				TargetAttributes = {
					1FD7B00F2CD4121E00C6333B = {
						CreatedOnToolsVersion = 15.3;
					};
				};
			};
			buildConfigurationList = 1FD7B00B2CD4121E00C6333B /* Build configuration list for PBXProject "UmbrellaToGo" */;
			compatibilityVersion = "Xcode 14.0";
			developmentRegion = en;
			hasScannedForEncodings = 0;
			knownRegions = (
				en,
				Base,
			);
			mainGroup = 1FD7B0072CD4121E00C6333B;
			productRefGroup = 1FD7B0112CD4121E00C6333B /* Products */;
			projectDirPath = "";
			projectRoot = "";
			targets = (
				1FD7B00F2CD4121E00C6333B /* UmbrellaToGo */,
			);
		};
/* End PBXProject section */

/* Begin PBXResourcesBuildPhase section */
		1FD7B00E2CD4121E00C6333B /* Resources */ = {
			isa = PBXResourcesBuildPhase;
			buildActionMask = 2147483647;
			files = (
				1FD7B05D2CD510EF00C6333B /* Launch.png in Resources */,
				1FD7B01D2CD4122000C6333B /* Assets.xcassets in Resources */,
				1FD7B0592CD50E9C00C6333B /* LaunchScreen.storyboard in Resources */,
			);
			runOnlyForDeploymentPostprocessing = 0;
		};
/* End PBXResourcesBuildPhase section */

/* Begin PBXSourcesBuildPhase section */
		1FD7B00C2CD4121E00C6333B /* Sources */ = {
			isa = PBXSourcesBuildPhase;
			buildActionMask = 2147483647;
			files = (
				1FD7B0392CD4231100C6333B /* TextStyles.swift in Sources */,
				1FD7B04D2CD4543700C6333B /* LocationServiceDelegate.swift in Sources */,
				1FD7B0482CD4475100C6333B /* MainView.swift in Sources */,
				1FD7B0422CD4376700C6333B /* RetryConfiguration.swift in Sources */,
				1FD7B0322CD4149D00C6333B /* SceneDelegate.swift in Sources */,
				1FD7B0442CD43A7B00C6333B /* LoadingView.swift in Sources */,
				1FD7B0302CD412AA00C6333B /* WeatherService.swift in Sources */,
				1FD7B02E2CD412AA00C6333B /* WeatherViewController.swift in Sources */,
				1FD7B04B2CD453FF00C6333B /* LocationServiceProtocol.swift in Sources */,
				1FD7B03B2CD433D200C6333B /* APIConstants.swift in Sources */,
				1FD7B04F2CD4546B00C6333B /* WeatherServiceProtocol.swift in Sources */,
				1FD7B03D2CD4342200C6333B /* KeychainService.swift in Sources */,
				1FD7B0402CD4373B00C6333B /* NetworkError.swift in Sources */,
				1FD7B02F2CD412AA00C6333B /* WeatherModel.swift in Sources */,
				1FD7B0142CD4121E00C6333B /* AppDelegate.swift in Sources */,
				1FD7B0512CD454B200C6333B /* LocationService.swift in Sources */,
				1FD7B0462CD4404D00C6333B /* GradientLayer.swift in Sources */,
			);
			runOnlyForDeploymentPostprocessing = 0;
		};
/* End PBXSourcesBuildPhase section */

/* Begin XCBuildConfiguration section */
		1FD7B0222CD4122000C6333B /* Debug */ = {
			isa = XCBuildConfiguration;
			buildSettings = {
				ALWAYS_SEARCH_USER_PATHS = NO;
				ASSETCATALOG_COMPILER_GENERATE_SWIFT_ASSET_SYMBOL_EXTENSIONS = YES;
				CLANG_ANALYZER_NONNULL = YES;
				CLANG_ANALYZER_NUMBER_OBJECT_CONVERSION = YES_AGGRESSIVE;
				CLANG_CXX_LANGUAGE_STANDARD = "gnu++20";
				CLANG_ENABLE_MODULES = YES;
				CLANG_ENABLE_OBJC_ARC = YES;
				CLANG_ENABLE_OBJC_WEAK = YES;
				CLANG_WARN_BLOCK_CAPTURE_AUTORELEASING = YES;
				CLANG_WARN_BOOL_CONVERSION = YES;
				CLANG_WARN_COMMA = YES;
				CLANG_WARN_CONSTANT_CONVERSION = YES;
				CLANG_WARN_DEPRECATED_OBJC_IMPLEMENTATIONS = YES;
				CLANG_WARN_DIRECT_OBJC_ISA_USAGE = YES_ERROR;
				CLANG_WARN_DOCUMENTATION_COMMENTS = YES;
				CLANG_WARN_EMPTY_BODY = YES;
				CLANG_WARN_ENUM_CONVERSION = YES;
				CLANG_WARN_INFINITE_RECURSION = YES;
				CLANG_WARN_INT_CONVERSION = YES;
				CLANG_WARN_NON_LITERAL_NULL_CONVERSION = YES;
				CLANG_WARN_OBJC_IMPLICIT_RETAIN_SELF = YES;
				CLANG_WARN_OBJC_LITERAL_CONVERSION = YES;
				CLANG_WARN_OBJC_ROOT_CLASS = YES_ERROR;
				CLANG_WARN_QUOTED_INCLUDE_IN_FRAMEWORK_HEADER = YES;
				CLANG_WARN_RANGE_LOOP_ANALYSIS = YES;
				CLANG_WARN_STRICT_PROTOTYPES = YES;
				CLANG_WARN_SUSPICIOUS_MOVE = YES;
				CLANG_WARN_UNGUARDED_AVAILABILITY = YES_AGGRESSIVE;
				CLANG_WARN_UNREACHABLE_CODE = YES;
				CLANG_WARN__DUPLICATE_METHOD_MATCH = YES;
				COPY_PHASE_STRIP = NO;
				DEBUG_INFORMATION_FORMAT = dwarf;
				ENABLE_STRICT_OBJC_MSGSEND = YES;
				ENABLE_TESTABILITY = YES;
				ENABLE_USER_SCRIPT_SANDBOXING = YES;
				GCC_C_LANGUAGE_STANDARD = gnu17;
				GCC_DYNAMIC_NO_PIC = NO;
				GCC_NO_COMMON_BLOCKS = YES;
				GCC_OPTIMIZATION_LEVEL = 0;
				GCC_PREPROCESSOR_DEFINITIONS = (
					"DEBUG=1",
					"$(inherited)",
				);
				GCC_WARN_64_TO_32_BIT_CONVERSION = YES;
				GCC_WARN_ABOUT_RETURN_TYPE = YES_ERROR;
				GCC_WARN_UNDECLARED_SELECTOR = YES;
				GCC_WARN_UNINITIALIZED_AUTOS = YES_AGGRESSIVE;
				GCC_WARN_UNUSED_FUNCTION = YES;
				GCC_WARN_UNUSED_VARIABLE = YES;
				IPHONEOS_DEPLOYMENT_TARGET = 17.4;
				LOCALIZATION_PREFERS_STRING_CATALOGS = YES;
				MTL_ENABLE_DEBUG_INFO = INCLUDE_SOURCE;
				MTL_FAST_MATH = YES;
				ONLY_ACTIVE_ARCH = YES;
				SDKROOT = iphoneos;
				SWIFT_ACTIVE_COMPILATION_CONDITIONS = "DEBUG $(inherited)";
				SWIFT_OPTIMIZATION_LEVEL = "-Onone";
			};
			name = Debug;
		};
		1FD7B0232CD4122000C6333B /* Release */ = {
			isa = XCBuildConfiguration;
			buildSettings = {
				ALWAYS_SEARCH_USER_PATHS = NO;
				ASSETCATALOG_COMPILER_GENERATE_SWIFT_ASSET_SYMBOL_EXTENSIONS = YES;
				CLANG_ANALYZER_NONNULL = YES;
				CLANG_ANALYZER_NUMBER_OBJECT_CONVERSION = YES_AGGRESSIVE;
				CLANG_CXX_LANGUAGE_STANDARD = "gnu++20";
				CLANG_ENABLE_MODULES = YES;
				CLANG_ENABLE_OBJC_ARC = YES;
				CLANG_ENABLE_OBJC_WEAK = YES;
				CLANG_WARN_BLOCK_CAPTURE_AUTORELEASING = YES;
				CLANG_WARN_BOOL_CONVERSION = YES;
				CLANG_WARN_COMMA = YES;
				CLANG_WARN_CONSTANT_CONVERSION = YES;
				CLANG_WARN_DEPRECATED_OBJC_IMPLEMENTATIONS = YES;
				CLANG_WARN_DIRECT_OBJC_ISA_USAGE = YES_ERROR;
				CLANG_WARN_DOCUMENTATION_COMMENTS = YES;
				CLANG_WARN_EMPTY_BODY = YES;
				CLANG_WARN_ENUM_CONVERSION = YES;
				CLANG_WARN_INFINITE_RECURSION = YES;
				CLANG_WARN_INT_CONVERSION = YES;
				CLANG_WARN_NON_LITERAL_NULL_CONVERSION = YES;
				CLANG_WARN_OBJC_IMPLICIT_RETAIN_SELF = YES;
				CLANG_WARN_OBJC_LITERAL_CONVERSION = YES;
				CLANG_WARN_OBJC_ROOT_CLASS = YES_ERROR;
				CLANG_WARN_QUOTED_INCLUDE_IN_FRAMEWORK_HEADER = YES;
				CLANG_WARN_RANGE_LOOP_ANALYSIS = YES;
				CLANG_WARN_STRICT_PROTOTYPES = YES;
				CLANG_WARN_SUSPICIOUS_MOVE = YES;
				CLANG_WARN_UNGUARDED_AVAILABILITY = YES_AGGRESSIVE;
				CLANG_WARN_UNREACHABLE_CODE = YES;
				CLANG_WARN__DUPLICATE_METHOD_MATCH = YES;
				COPY_PHASE_STRIP = NO;
				DEBUG_INFORMATION_FORMAT = "dwarf-with-dsym";
				ENABLE_NS_ASSERTIONS = NO;
				ENABLE_STRICT_OBJC_MSGSEND = YES;
				ENABLE_USER_SCRIPT_SANDBOXING = YES;
				GCC_C_LANGUAGE_STANDARD = gnu17;
				GCC_NO_COMMON_BLOCKS = YES;
				GCC_WARN_64_TO_32_BIT_CONVERSION = YES;
				GCC_WARN_ABOUT_RETURN_TYPE = YES_ERROR;
				GCC_WARN_UNDECLARED_SELECTOR = YES;
				GCC_WARN_UNINITIALIZED_AUTOS = YES_AGGRESSIVE;
				GCC_WARN_UNUSED_FUNCTION = YES;
				GCC_WARN_UNUSED_VARIABLE = YES;
				IPHONEOS_DEPLOYMENT_TARGET = 17.4;
				LOCALIZATION_PREFERS_STRING_CATALOGS = YES;
				MTL_ENABLE_DEBUG_INFO = NO;
				MTL_FAST_MATH = YES;
				SDKROOT = iphoneos;
				SWIFT_COMPILATION_MODE = wholemodule;
				VALIDATE_PRODUCT = YES;
			};
			name = Release;
		};
		1FD7B0252CD4122000C6333B /* Debug */ = {
			isa = XCBuildConfiguration;
			buildSettings = {
				ASSETCATALOG_COMPILER_APPICON_NAME = AppIcon;
				ASSETCATALOG_COMPILER_GLOBAL_ACCENT_COLOR_NAME = AccentColor;
				CODE_SIGN_STYLE = Automatic;
				CURRENT_PROJECT_VERSION = 1;
				DEVELOPMENT_TEAM = UJQNFLR3LC;
				GENERATE_INFOPLIST_FILE = YES;
				INFOPLIST_FILE = UmbrellaToGo/Info.plist;
				INFOPLIST_KEY_CFBundleDisplayName = ZONT;
				INFOPLIST_KEY_NSLocationWhenInUseUsageDescription = "We need your location to see if you should take an umbrella";
				INFOPLIST_KEY_UIApplicationSupportsIndirectInputEvents = YES;
				INFOPLIST_KEY_UILaunchStoryboardName = LaunchScreen.storyboard;
				INFOPLIST_KEY_UIStatusBarStyle = "";
				INFOPLIST_KEY_UISupportedInterfaceOrientations = UIInterfaceOrientationPortrait;
				LD_RUNPATH_SEARCH_PATHS = (
					"$(inherited)",
					"@executable_path/Frameworks",
				);
				MARKETING_VERSION = 1.0;
				PRODUCT_BUNDLE_IDENTIFIER = com.Yuri.Fedorov.UmbrellaToGo;
				PRODUCT_NAME = "$(TARGET_NAME)";
				SWIFT_EMIT_LOC_STRINGS = YES;
				SWIFT_VERSION = 5.0;
				TARGETED_DEVICE_FAMILY = "1,2";
			};
			name = Debug;
		};
		1FD7B0262CD4122000C6333B /* Release */ = {
			isa = XCBuildConfiguration;
			buildSettings = {
				ASSETCATALOG_COMPILER_APPICON_NAME = AppIcon;
				ASSETCATALOG_COMPILER_GLOBAL_ACCENT_COLOR_NAME = AccentColor;
				CODE_SIGN_STYLE = Automatic;
				CURRENT_PROJECT_VERSION = 1;
				DEVELOPMENT_TEAM = UJQNFLR3LC;
				GENERATE_INFOPLIST_FILE = YES;
				INFOPLIST_FILE = UmbrellaToGo/Info.plist;
				INFOPLIST_KEY_CFBundleDisplayName = ZONT;
				INFOPLIST_KEY_NSLocationWhenInUseUsageDescription = "We need your location to see if you should take an umbrella";
				INFOPLIST_KEY_UIApplicationSupportsIndirectInputEvents = YES;
				INFOPLIST_KEY_UILaunchStoryboardName = LaunchScreen.storyboard;
				INFOPLIST_KEY_UIStatusBarStyle = "";
				INFOPLIST_KEY_UISupportedInterfaceOrientations = UIInterfaceOrientationPortrait;
				LD_RUNPATH_SEARCH_PATHS = (
					"$(inherited)",
					"@executable_path/Frameworks",
				);
				MARKETING_VERSION = 1.0;
				PRODUCT_BUNDLE_IDENTIFIER = com.Yuri.Fedorov.UmbrellaToGo;
				PRODUCT_NAME = "$(TARGET_NAME)";
				SWIFT_EMIT_LOC_STRINGS = YES;
				SWIFT_VERSION = 5.0;
				TARGETED_DEVICE_FAMILY = "1,2";
			};
			name = Release;
		};
/* End XCBuildConfiguration section */

/* Begin XCConfigurationList section */
		1FD7B00B2CD4121E00C6333B /* Build configuration list for PBXProject "UmbrellaToGo" */ = {
			isa = XCConfigurationList;
			buildConfigurations = (
				1FD7B0222CD4122000C6333B /* Debug */,
				1FD7B0232CD4122000C6333B /* Release */,
			);
			defaultConfigurationIsVisible = 0;
			defaultConfigurationName = Release;
		};
		1FD7B0242CD4122000C6333B /* Build configuration list for PBXNativeTarget "UmbrellaToGo" */ = {
			isa = XCConfigurationList;
			buildConfigurations = (
				1FD7B0252CD4122000C6333B /* Debug */,
				1FD7B0262CD4122000C6333B /* Release */,
			);
			defaultConfigurationIsVisible = 0;
			defaultConfigurationName = Release;
		};
/* End XCConfigurationList section */
	};
	rootObject = 1FD7B0082CD4121E00C6333B /* Project object */;
}
